
Microsoft Visual Studio Solution File, Format Version 12.00
# Visual Studio Version 17
VisualStudioVersion = 17.0.31903.59
MinimumVisualStudioVersion = 10.0.40219.1
Project("{2150E333-8FDC-42A3-9474-1A3956D46DE8}") = "src", "src", "{827E0CD3-B72D-47B6-A68D-7590B98EB39B}"
EndProject
Project("{FAE04EC0-301F-11D3-BF4B-00C04F79EFBC}") = "Net.Zmq.Core", "src\Net.Zmq.Core\Net.Zmq.Core.csproj", "{1EF2C077-3003-4DEE-B752-83EA7ABBA0B4}"
EndProject
Project("{FAE04EC0-301F-11D3-BF4B-00C04F79EFBC}") = "Net.Zmq", "src\Net.Zmq\Net.Zmq.csproj", "{A8E9C5FE-8AF5-4347-B109-F65DF7AD8B57}"
EndProject
Project("{FAE04EC0-301F-11D3-BF4B-00C04F79EFBC}") = "Net.Zmq.Native", "src\Net.Zmq.Native\Net.Zmq.Native.csproj", "{788FD944-65C9-4B43-8B37-142E51A3B867}"
EndProject
Project("{2150E333-8FDC-42A3-9474-1A3956D46DE8}") = "tests", "tests", "{0AB3BF05-4346-4AA6-1389-037BE0695223}"
EndProject
Project("{FAE04EC0-301F-11D3-BF4B-00C04F79EFBC}") = "Net.Zmq.Core.Tests", "tests\Net.Zmq.Core.Tests\Net.Zmq.Core.Tests.csproj", "{3C9C672F-4CC1-47F2-AEA3-8B4D8BEB961D}"
EndProject
Project("{FAE04EC0-301F-11D3-BF4B-00C04F79EFBC}") = "Net.Zmq.Tests", "tests\Net.Zmq.Tests\Net.Zmq.Tests.csproj", "{3D8FCB99-E346-4898-BF62-1C215779C0B9}"
EndProject
Project("{2150E333-8FDC-42A3-9474-1A3956D46DE8}") = "samples", "samples", "{5D20AA90-6969-D8BD-9DCD-8634F4692FDA}"
EndProject
Project("{FAE04EC0-301F-11D3-BF4B-00C04F79EFBC}") = "Net.Zmq.Samples.ReqRep", "samples\Net.Zmq.Samples.ReqRep\Net.Zmq.Samples.ReqRep.csproj", "{1774E6BD-3764-4CF3-BDFE-6220104119FD}"
EndProject
Project("{FAE04EC0-301F-11D3-BF4B-00C04F79EFBC}") = "Net.Zmq.Samples.PubSub", "samples\Net.Zmq.Samples.PubSub\Net.Zmq.Samples.PubSub.csproj", "{18FF62D8-0FDD-4C64-80C8-6ADFD28A43AF}"
EndProject
Project("{FAE04EC0-301F-11D3-BF4B-00C04F79EFBC}") = "Net.Zmq.Samples.RouterDealer", "samples\Net.Zmq.Samples.RouterDealer\Net.Zmq.Samples.RouterDealer.csproj", "{9E2A1C2F-5E7A-4B3D-9F8E-A1B2C3D4E5F6}"
EndProject
Project("{FAE04EC0-301F-11D3-BF4B-00C04F79EFBC}") = "Net.Zmq.Samples.RouterToRouter", "samples\Net.Zmq.Samples.RouterToRouter\Net.Zmq.Samples.RouterToRouter.csproj", "{42D4BB76-0612-4E15-A1A3-D5443D9FCD17}"
EndProject
Project("{FAE04EC0-301F-11D3-BF4B-00C04F79EFBC}") = "Net.Zmq.Samples.Poller", "samples\Net.Zmq.Samples.Poller\Net.Zmq.Samples.Poller.csproj", "{DE2918C6-54A9-4A07-810F-973E53B84302}"
EndProject
Project("{FAE04EC0-301F-11D3-BF4B-00C04F79EFBC}") = "Net.Zmq.Samples.CurveSecurity", "samples\Net.Zmq.Samples.CurveSecurity\Net.Zmq.Samples.CurveSecurity.csproj", "{1C1B3B14-08F9-434E-96CD-E97EFCD7580C}"
EndProject
Project("{FAE04EC0-301F-11D3-BF4B-00C04F79EFBC}") = "Net.Zmq.Samples.SteerableProxy", "samples\Net.Zmq.Samples.SteerableProxy\Net.Zmq.Samples.SteerableProxy.csproj", "{EE784C4C-9B10-405B-A9E0-455207C392ED}"
EndProject
Project("{FAE04EC0-301F-11D3-BF4B-00C04F79EFBC}") = "Net.Zmq.Samples.Monitor", "samples\Net.Zmq.Samples.Monitor\Net.Zmq.Samples.Monitor.csproj", "{7F3A8B9C-2D1E-4F5A-9C8D-6E4B5A7C9F1D}"
EndProject
Project("{2150E333-8FDC-42A3-9474-1A3956D46DE8}") = "benchmarks", "benchmarks", "{B288E86D-16F6-4799-9464-CAA0DC06DD88}"
EndProject
Project("{FAE04EC0-301F-11D3-BF4B-00C04F79EFBC}") = "Net.Zmq.Benchmarks", "benchmarks\Net.Zmq.Benchmarks\Net.Zmq.Benchmarks.csproj", "{C801F359-3722-4DE3-8ED1-1FEE1BEAD734}"
EndProject
Global
	GlobalSection(SolutionConfigurationPlatforms) = preSolution
		Debug|Any CPU = Debug|Any CPU
		Debug|x64 = Debug|x64
		Debug|x86 = Debug|x86
		Release|Any CPU = Release|Any CPU
		Release|x64 = Release|x64
		Release|x86 = Release|x86
	EndGlobalSection
	GlobalSection(ProjectConfigurationPlatforms) = postSolution
		{1EF2C077-3003-4DEE-B752-83EA7ABBA0B4}.Debug|Any CPU.ActiveCfg = Debug|Any CPU
		{1EF2C077-3003-4DEE-B752-83EA7ABBA0B4}.Debug|Any CPU.Build.0 = Debug|Any CPU
		{1EF2C077-3003-4DEE-B752-83EA7ABBA0B4}.Debug|x64.ActiveCfg = Debug|Any CPU
		{1EF2C077-3003-4DEE-B752-83EA7ABBA0B4}.Debug|x64.Build.0 = Debug|Any CPU
		{1EF2C077-3003-4DEE-B752-83EA7ABBA0B4}.Debug|x86.ActiveCfg = Debug|Any CPU
		{1EF2C077-3003-4DEE-B752-83EA7ABBA0B4}.Debug|x86.Build.0 = Debug|Any CPU
		{1EF2C077-3003-4DEE-B752-83EA7ABBA0B4}.Release|Any CPU.ActiveCfg = Release|Any CPU
		{1EF2C077-3003-4DEE-B752-83EA7ABBA0B4}.Release|Any CPU.Build.0 = Release|Any CPU
		{1EF2C077-3003-4DEE-B752-83EA7ABBA0B4}.Release|x64.ActiveCfg = Release|Any CPU
		{1EF2C077-3003-4DEE-B752-83EA7ABBA0B4}.Release|x64.Build.0 = Release|Any CPU
		{1EF2C077-3003-4DEE-B752-83EA7ABBA0B4}.Release|x86.ActiveCfg = Release|Any CPU
		{1EF2C077-3003-4DEE-B752-83EA7ABBA0B4}.Release|x86.Build.0 = Release|Any CPU
		{A8E9C5FE-8AF5-4347-B109-F65DF7AD8B57}.Debug|Any CPU.ActiveCfg = Debug|Any CPU
		{A8E9C5FE-8AF5-4347-B109-F65DF7AD8B57}.Debug|Any CPU.Build.0 = Debug|Any CPU
		{A8E9C5FE-8AF5-4347-B109-F65DF7AD8B57}.Debug|x64.ActiveCfg = Debug|Any CPU
		{A8E9C5FE-8AF5-4347-B109-F65DF7AD8B57}.Debug|x64.Build.0 = Debug|Any CPU
		{A8E9C5FE-8AF5-4347-B109-F65DF7AD8B57}.Debug|x86.ActiveCfg = Debug|Any CPU
		{A8E9C5FE-8AF5-4347-B109-F65DF7AD8B57}.Debug|x86.Build.0 = Debug|Any CPU
		{A8E9C5FE-8AF5-4347-B109-F65DF7AD8B57}.Release|Any CPU.ActiveCfg = Release|Any CPU
		{A8E9C5FE-8AF5-4347-B109-F65DF7AD8B57}.Release|Any CPU.Build.0 = Release|Any CPU
		{A8E9C5FE-8AF5-4347-B109-F65DF7AD8B57}.Release|x64.ActiveCfg = Release|Any CPU
		{A8E9C5FE-8AF5-4347-B109-F65DF7AD8B57}.Release|x64.Build.0 = Release|Any CPU
		{A8E9C5FE-8AF5-4347-B109-F65DF7AD8B57}.Release|x86.ActiveCfg = Release|Any CPU
		{A8E9C5FE-8AF5-4347-B109-F65DF7AD8B57}.Release|x86.Build.0 = Release|Any CPU
		{788FD944-65C9-4B43-8B37-142E51A3B867}.Debug|Any CPU.ActiveCfg = Debug|Any CPU
		{788FD944-65C9-4B43-8B37-142E51A3B867}.Debug|Any CPU.Build.0 = Debug|Any CPU
		{788FD944-65C9-4B43-8B37-142E51A3B867}.Debug|x64.ActiveCfg = Debug|Any CPU
		{788FD944-65C9-4B43-8B37-142E51A3B867}.Debug|x64.Build.0 = Debug|Any CPU
		{788FD944-65C9-4B43-8B37-142E51A3B867}.Debug|x86.ActiveCfg = Debug|Any CPU
		{788FD944-65C9-4B43-8B37-142E51A3B867}.Debug|x86.Build.0 = Debug|Any CPU
		{788FD944-65C9-4B43-8B37-142E51A3B867}.Release|Any CPU.ActiveCfg = Release|Any CPU
		{788FD944-65C9-4B43-8B37-142E51A3B867}.Release|Any CPU.Build.0 = Release|Any CPU
		{788FD944-65C9-4B43-8B37-142E51A3B867}.Release|x64.ActiveCfg = Release|Any CPU
		{788FD944-65C9-4B43-8B37-142E51A3B867}.Release|x64.Build.0 = Release|Any CPU
		{788FD944-65C9-4B43-8B37-142E51A3B867}.Release|x86.ActiveCfg = Release|Any CPU
		{788FD944-65C9-4B43-8B37-142E51A3B867}.Release|x86.Build.0 = Release|Any CPU
		{3C9C672F-4CC1-47F2-AEA3-8B4D8BEB961D}.Debug|Any CPU.ActiveCfg = Debug|Any CPU
		{3C9C672F-4CC1-47F2-AEA3-8B4D8BEB961D}.Debug|Any CPU.Build.0 = Debug|Any CPU
		{3C9C672F-4CC1-47F2-AEA3-8B4D8BEB961D}.Debug|x64.ActiveCfg = Debug|Any CPU
		{3C9C672F-4CC1-47F2-AEA3-8B4D8BEB961D}.Debug|x64.Build.0 = Debug|Any CPU
		{3C9C672F-4CC1-47F2-AEA3-8B4D8BEB961D}.Debug|x86.ActiveCfg = Debug|Any CPU
		{3C9C672F-4CC1-47F2-AEA3-8B4D8BEB961D}.Debug|x86.Build.0 = Debug|Any CPU
		{3C9C672F-4CC1-47F2-AEA3-8B4D8BEB961D}.Release|Any CPU.ActiveCfg = Release|Any CPU
		{3C9C672F-4CC1-47F2-AEA3-8B4D8BEB961D}.Release|Any CPU.Build.0 = Release|Any CPU
		{3C9C672F-4CC1-47F2-AEA3-8B4D8BEB961D}.Release|x64.ActiveCfg = Release|Any CPU
		{3C9C672F-4CC1-47F2-AEA3-8B4D8BEB961D}.Release|x64.Build.0 = Release|Any CPU
		{3C9C672F-4CC1-47F2-AEA3-8B4D8BEB961D}.Release|x86.ActiveCfg = Release|Any CPU
		{3C9C672F-4CC1-47F2-AEA3-8B4D8BEB961D}.Release|x86.Build.0 = Release|Any CPU
		{3D8FCB99-E346-4898-BF62-1C215779C0B9}.Debug|Any CPU.ActiveCfg = Debug|Any CPU
		{3D8FCB99-E346-4898-BF62-1C215779C0B9}.Debug|Any CPU.Build.0 = Debug|Any CPU
		{3D8FCB99-E346-4898-BF62-1C215779C0B9}.Debug|x64.ActiveCfg = Debug|Any CPU
		{3D8FCB99-E346-4898-BF62-1C215779C0B9}.Debug|x64.Build.0 = Debug|Any CPU
		{3D8FCB99-E346-4898-BF62-1C215779C0B9}.Debug|x86.ActiveCfg = Debug|Any CPU
		{3D8FCB99-E346-4898-BF62-1C215779C0B9}.Debug|x86.Build.0 = Debug|Any CPU
		{3D8FCB99-E346-4898-BF62-1C215779C0B9}.Release|Any CPU.ActiveCfg = Release|Any CPU
		{3D8FCB99-E346-4898-BF62-1C215779C0B9}.Release|Any CPU.Build.0 = Release|Any CPU
		{3D8FCB99-E346-4898-BF62-1C215779C0B9}.Release|x64.ActiveCfg = Release|Any CPU
		{3D8FCB99-E346-4898-BF62-1C215779C0B9}.Release|x64.Build.0 = Release|Any CPU
		{3D8FCB99-E346-4898-BF62-1C215779C0B9}.Release|x86.ActiveCfg = Release|Any CPU
		{3D8FCB99-E346-4898-BF62-1C215779C0B9}.Release|x86.Build.0 = Release|Any CPU
		{1774E6BD-3764-4CF3-BDFE-6220104119FD}.Debug|Any CPU.ActiveCfg = Debug|Any CPU
		{1774E6BD-3764-4CF3-BDFE-6220104119FD}.Debug|Any CPU.Build.0 = Debug|Any CPU
		{1774E6BD-3764-4CF3-BDFE-6220104119FD}.Debug|x64.ActiveCfg = Debug|Any CPU
		{1774E6BD-3764-4CF3-BDFE-6220104119FD}.Debug|x64.Build.0 = Debug|Any CPU
		{1774E6BD-3764-4CF3-BDFE-6220104119FD}.Debug|x86.ActiveCfg = Debug|Any CPU
		{1774E6BD-3764-4CF3-BDFE-6220104119FD}.Debug|x86.Build.0 = Debug|Any CPU
		{1774E6BD-3764-4CF3-BDFE-6220104119FD}.Release|Any CPU.ActiveCfg = Release|Any CPU
		{1774E6BD-3764-4CF3-BDFE-6220104119FD}.Release|Any CPU.Build.0 = Release|Any CPU
		{1774E6BD-3764-4CF3-BDFE-6220104119FD}.Release|x64.ActiveCfg = Release|Any CPU
		{1774E6BD-3764-4CF3-BDFE-6220104119FD}.Release|x64.Build.0 = Release|Any CPU
		{1774E6BD-3764-4CF3-BDFE-6220104119FD}.Release|x86.ActiveCfg = Release|Any CPU
		{1774E6BD-3764-4CF3-BDFE-6220104119FD}.Release|x86.Build.0 = Release|Any CPU
		{18FF62D8-0FDD-4C64-80C8-6ADFD28A43AF}.Debug|Any CPU.ActiveCfg = Debug|Any CPU
		{18FF62D8-0FDD-4C64-80C8-6ADFD28A43AF}.Debug|Any CPU.Build.0 = Debug|Any CPU
		{18FF62D8-0FDD-4C64-80C8-6ADFD28A43AF}.Debug|x64.ActiveCfg = Debug|Any CPU
		{18FF62D8-0FDD-4C64-80C8-6ADFD28A43AF}.Debug|x64.Build.0 = Debug|Any CPU
		{18FF62D8-0FDD-4C64-80C8-6ADFD28A43AF}.Debug|x86.ActiveCfg = Debug|Any CPU
		{18FF62D8-0FDD-4C64-80C8-6ADFD28A43AF}.Debug|x86.Build.0 = Debug|Any CPU
		{18FF62D8-0FDD-4C64-80C8-6ADFD28A43AF}.Release|Any CPU.ActiveCfg = Release|Any CPU
		{18FF62D8-0FDD-4C64-80C8-6ADFD28A43AF}.Release|Any CPU.Build.0 = Release|Any CPU
		{18FF62D8-0FDD-4C64-80C8-6ADFD28A43AF}.Release|x64.ActiveCfg = Release|Any CPU
		{18FF62D8-0FDD-4C64-80C8-6ADFD28A43AF}.Release|x64.Build.0 = Release|Any CPU
		{18FF62D8-0FDD-4C64-80C8-6ADFD28A43AF}.Release|x86.ActiveCfg = Release|Any CPU
		{18FF62D8-0FDD-4C64-80C8-6ADFD28A43AF}.Release|x86.Build.0 = Release|Any CPU
		{9E2A1C2F-5E7A-4B3D-9F8E-A1B2C3D4E5F6}.Debug|Any CPU.ActiveCfg = Debug|Any CPU
		{9E2A1C2F-5E7A-4B3D-9F8E-A1B2C3D4E5F6}.Debug|Any CPU.Build.0 = Debug|Any CPU
		{9E2A1C2F-5E7A-4B3D-9F8E-A1B2C3D4E5F6}.Debug|x64.ActiveCfg = Debug|Any CPU
		{9E2A1C2F-5E7A-4B3D-9F8E-A1B2C3D4E5F6}.Debug|x64.Build.0 = Debug|Any CPU
		{9E2A1C2F-5E7A-4B3D-9F8E-A1B2C3D4E5F6}.Debug|x86.ActiveCfg = Debug|Any CPU
		{9E2A1C2F-5E7A-4B3D-9F8E-A1B2C3D4E5F6}.Debug|x86.Build.0 = Debug|Any CPU
		{9E2A1C2F-5E7A-4B3D-9F8E-A1B2C3D4E5F6}.Release|Any CPU.ActiveCfg = Release|Any CPU
		{9E2A1C2F-5E7A-4B3D-9F8E-A1B2C3D4E5F6}.Release|Any CPU.Build.0 = Release|Any CPU
		{9E2A1C2F-5E7A-4B3D-9F8E-A1B2C3D4E5F6}.Release|x64.ActiveCfg = Release|Any CPU
		{9E2A1C2F-5E7A-4B3D-9F8E-A1B2C3D4E5F6}.Release|x64.Build.0 = Release|Any CPU
		{9E2A1C2F-5E7A-4B3D-9F8E-A1B2C3D4E5F6}.Release|x86.ActiveCfg = Release|Any CPU
		{9E2A1C2F-5E7A-4B3D-9F8E-A1B2C3D4E5F6}.Release|x86.Build.0 = Release|Any CPU
		{42D4BB76-0612-4E15-A1A3-D5443D9FCD17}.Debug|Any CPU.ActiveCfg = Debug|Any CPU
		{42D4BB76-0612-4E15-A1A3-D5443D9FCD17}.Debug|Any CPU.Build.0 = Debug|Any CPU
		{42D4BB76-0612-4E15-A1A3-D5443D9FCD17}.Debug|x64.ActiveCfg = Debug|Any CPU
		{42D4BB76-0612-4E15-A1A3-D5443D9FCD17}.Debug|x64.Build.0 = Debug|Any CPU
		{42D4BB76-0612-4E15-A1A3-D5443D9FCD17}.Debug|x86.ActiveCfg = Debug|Any CPU
		{42D4BB76-0612-4E15-A1A3-D5443D9FCD17}.Debug|x86.Build.0 = Debug|Any CPU
		{42D4BB76-0612-4E15-A1A3-D5443D9FCD17}.Release|Any CPU.ActiveCfg = Release|Any CPU
		{42D4BB76-0612-4E15-A1A3-D5443D9FCD17}.Release|Any CPU.Build.0 = Release|Any CPU
		{42D4BB76-0612-4E15-A1A3-D5443D9FCD17}.Release|x64.ActiveCfg = Release|Any CPU
		{42D4BB76-0612-4E15-A1A3-D5443D9FCD17}.Release|x64.Build.0 = Release|Any CPU
		{42D4BB76-0612-4E15-A1A3-D5443D9FCD17}.Release|x86.ActiveCfg = Release|Any CPU
		{42D4BB76-0612-4E15-A1A3-D5443D9FCD17}.Release|x86.Build.0 = Release|Any CPU
		{DE2918C6-54A9-4A07-810F-973E53B84302}.Debug|Any CPU.ActiveCfg = Debug|Any CPU
		{DE2918C6-54A9-4A07-810F-973E53B84302}.Debug|Any CPU.Build.0 = Debug|Any CPU
		{DE2918C6-54A9-4A07-810F-973E53B84302}.Debug|x64.ActiveCfg = Debug|Any CPU
		{DE2918C6-54A9-4A07-810F-973E53B84302}.Debug|x64.Build.0 = Debug|Any CPU
		{DE2918C6-54A9-4A07-810F-973E53B84302}.Debug|x86.ActiveCfg = Debug|Any CPU
		{DE2918C6-54A9-4A07-810F-973E53B84302}.Debug|x86.Build.0 = Debug|Any CPU
		{DE2918C6-54A9-4A07-810F-973E53B84302}.Release|Any CPU.ActiveCfg = Release|Any CPU
		{DE2918C6-54A9-4A07-810F-973E53B84302}.Release|Any CPU.Build.0 = Release|Any CPU
		{DE2918C6-54A9-4A07-810F-973E53B84302}.Release|x64.ActiveCfg = Release|Any CPU
		{DE2918C6-54A9-4A07-810F-973E53B84302}.Release|x64.Build.0 = Release|Any CPU
		{DE2918C6-54A9-4A07-810F-973E53B84302}.Release|x86.ActiveCfg = Release|Any CPU
		{DE2918C6-54A9-4A07-810F-973E53B84302}.Release|x86.Build.0 = Release|Any CPU
		{1C1B3B14-08F9-434E-96CD-E97EFCD7580C}.Debug|Any CPU.ActiveCfg = Debug|Any CPU
		{1C1B3B14-08F9-434E-96CD-E97EFCD7580C}.Debug|Any CPU.Build.0 = Debug|Any CPU
		{1C1B3B14-08F9-434E-96CD-E97EFCD7580C}.Debug|x64.ActiveCfg = Debug|Any CPU
		{1C1B3B14-08F9-434E-96CD-E97EFCD7580C}.Debug|x64.Build.0 = Debug|Any CPU
		{1C1B3B14-08F9-434E-96CD-E97EFCD7580C}.Debug|x86.ActiveCfg = Debug|Any CPU
		{1C1B3B14-08F9-434E-96CD-E97EFCD7580C}.Debug|x86.Build.0 = Debug|Any CPU
		{1C1B3B14-08F9-434E-96CD-E97EFCD7580C}.Release|Any CPU.ActiveCfg = Release|Any CPU
		{1C1B3B14-08F9-434E-96CD-E97EFCD7580C}.Release|Any CPU.Build.0 = Release|Any CPU
		{1C1B3B14-08F9-434E-96CD-E97EFCD7580C}.Release|x64.ActiveCfg = Release|Any CPU
		{1C1B3B14-08F9-434E-96CD-E97EFCD7580C}.Release|x64.Build.0 = Release|Any CPU
		{1C1B3B14-08F9-434E-96CD-E97EFCD7580C}.Release|x86.ActiveCfg = Release|Any CPU
		{1C1B3B14-08F9-434E-96CD-E97EFCD7580C}.Release|x86.Build.0 = Release|Any CPU
		{EE784C4C-9B10-405B-A9E0-455207C392ED}.Debug|Any CPU.ActiveCfg = Debug|Any CPU
		{EE784C4C-9B10-405B-A9E0-455207C392ED}.Debug|Any CPU.Build.0 = Debug|Any CPU
		{EE784C4C-9B10-405B-A9E0-455207C392ED}.Debug|x64.ActiveCfg = Debug|Any CPU
		{EE784C4C-9B10-405B-A9E0-455207C392ED}.Debug|x64.Build.0 = Debug|Any CPU
		{EE784C4C-9B10-405B-A9E0-455207C392ED}.Debug|x86.ActiveCfg = Debug|Any CPU
		{EE784C4C-9B10-405B-A9E0-455207C392ED}.Debug|x86.Build.0 = Debug|Any CPU
		{EE784C4C-9B10-405B-A9E0-455207C392ED}.Release|Any CPU.ActiveCfg = Release|Any CPU
		{EE784C4C-9B10-405B-A9E0-455207C392ED}.Release|Any CPU.Build.0 = Release|Any CPU
		{EE784C4C-9B10-405B-A9E0-455207C392ED}.Release|x64.ActiveCfg = Release|Any CPU
		{EE784C4C-9B10-405B-A9E0-455207C392ED}.Release|x64.Build.0 = Release|Any CPU
		{EE784C4C-9B10-405B-A9E0-455207C392ED}.Release|x86.ActiveCfg = Release|Any CPU
		{EE784C4C-9B10-405B-A9E0-455207C392ED}.Release|x86.Build.0 = Release|Any CPU
		{7F3A8B9C-2D1E-4F5A-9C8D-6E4B5A7C9F1D}.Debug|Any CPU.ActiveCfg = Debug|Any CPU
		{7F3A8B9C-2D1E-4F5A-9C8D-6E4B5A7C9F1D}.Debug|Any CPU.Build.0 = Debug|Any CPU
		{7F3A8B9C-2D1E-4F5A-9C8D-6E4B5A7C9F1D}.Debug|x64.ActiveCfg = Debug|Any CPU
		{7F3A8B9C-2D1E-4F5A-9C8D-6E4B5A7C9F1D}.Debug|x64.Build.0 = Debug|Any CPU
		{7F3A8B9C-2D1E-4F5A-9C8D-6E4B5A7C9F1D}.Debug|x86.ActiveCfg = Debug|Any CPU
		{7F3A8B9C-2D1E-4F5A-9C8D-6E4B5A7C9F1D}.Debug|x86.Build.0 = Debug|Any CPU
		{7F3A8B9C-2D1E-4F5A-9C8D-6E4B5A7C9F1D}.Release|Any CPU.ActiveCfg = Release|Any CPU
		{7F3A8B9C-2D1E-4F5A-9C8D-6E4B5A7C9F1D}.Release|Any CPU.Build.0 = Release|Any CPU
		{7F3A8B9C-2D1E-4F5A-9C8D-6E4B5A7C9F1D}.Release|x64.ActiveCfg = Release|Any CPU
		{7F3A8B9C-2D1E-4F5A-9C8D-6E4B5A7C9F1D}.Release|x64.Build.0 = Release|Any CPU
		{7F3A8B9C-2D1E-4F5A-9C8D-6E4B5A7C9F1D}.Release|x86.ActiveCfg = Release|Any CPU
		{7F3A8B9C-2D1E-4F5A-9C8D-6E4B5A7C9F1D}.Release|x86.Build.0 = Release|Any CPU
		{C801F359-3722-4DE3-8ED1-1FEE1BEAD734}.Debug|Any CPU.ActiveCfg = Debug|Any CPU
		{C801F359-3722-4DE3-8ED1-1FEE1BEAD734}.Debug|Any CPU.Build.0 = Debug|Any CPU
		{C801F359-3722-4DE3-8ED1-1FEE1BEAD734}.Debug|x64.ActiveCfg = Debug|Any CPU
		{C801F359-3722-4DE3-8ED1-1FEE1BEAD734}.Debug|x64.Build.0 = Debug|Any CPU
		{C801F359-3722-4DE3-8ED1-1FEE1BEAD734}.Debug|x86.ActiveCfg = Debug|Any CPU
		{C801F359-3722-4DE3-8ED1-1FEE1BEAD734}.Debug|x86.Build.0 = Debug|Any CPU
		{C801F359-3722-4DE3-8ED1-1FEE1BEAD734}.Release|Any CPU.ActiveCfg = Release|Any CPU
		{C801F359-3722-4DE3-8ED1-1FEE1BEAD734}.Release|Any CPU.Build.0 = Release|Any CPU
		{C801F359-3722-4DE3-8ED1-1FEE1BEAD734}.Release|x64.ActiveCfg = Release|Any CPU
		{C801F359-3722-4DE3-8ED1-1FEE1BEAD734}.Release|x64.Build.0 = Release|Any CPU
		{C801F359-3722-4DE3-8ED1-1FEE1BEAD734}.Release|x86.ActiveCfg = Release|Any CPU
		{C801F359-3722-4DE3-8ED1-1FEE1BEAD734}.Release|x86.Build.0 = Release|Any CPU
	EndGlobalSection
	GlobalSection(SolutionProperties) = preSolution
		HideSolutionNode = FALSE
	EndGlobalSection
	GlobalSection(NestedProjects) = preSolution
		{1EF2C077-3003-4DEE-B752-83EA7ABBA0B4} = {827E0CD3-B72D-47B6-A68D-7590B98EB39B}
		{A8E9C5FE-8AF5-4347-B109-F65DF7AD8B57} = {827E0CD3-B72D-47B6-A68D-7590B98EB39B}
		{788FD944-65C9-4B43-8B37-142E51A3B867} = {827E0CD3-B72D-47B6-A68D-7590B98EB39B}
		{3C9C672F-4CC1-47F2-AEA3-8B4D8BEB961D} = {0AB3BF05-4346-4AA6-1389-037BE0695223}
		{3D8FCB99-E346-4898-BF62-1C215779C0B9} = {0AB3BF05-4346-4AA6-1389-037BE0695223}
		{1774E6BD-3764-4CF3-BDFE-6220104119FD} = {5D20AA90-6969-D8BD-9DCD-8634F4692FDA}
		{18FF62D8-0FDD-4C64-80C8-6ADFD28A43AF} = {5D20AA90-6969-D8BD-9DCD-8634F4692FDA}
		{9E2A1C2F-5E7A-4B3D-9F8E-A1B2C3D4E5F6} = {5D20AA90-6969-D8BD-9DCD-8634F4692FDA}
		{42D4BB76-0612-4E15-A1A3-D5443D9FCD17} = {5D20AA90-6969-D8BD-9DCD-8634F4692FDA}
		{DE2918C6-54A9-4A07-810F-973E53B84302} = {5D20AA90-6969-D8BD-9DCD-8634F4692FDA}
		{1C1B3B14-08F9-434E-96CD-E97EFCD7580C} = {5D20AA90-6969-D8BD-9DCD-8634F4692FDA}
		{EE784C4C-9B10-405B-A9E0-455207C392ED} = {5D20AA90-6969-D8BD-9DCD-8634F4692FDA}
		{7F3A8B9C-2D1E-4F5A-9C8D-6E4B5A7C9F1D} = {5D20AA90-6969-D8BD-9DCD-8634F4692FDA}
		{C801F359-3722-4DE3-8ED1-1FEE1BEAD734} = {B288E86D-16F6-4799-9464-CAA0DC06DD88}
	EndGlobalSection
EndGlobal
